
Microsoft Visual Studio Solution File, Format Version 12.00
# Visual Studio Version 16
VisualStudioVersion = 16.0.30717.126
MinimumVisualStudioVersion = 10.0.40219.1
Project("{2150E333-8FDC-42A3-9474-1A3956D46DE8}") = "Services", "Services", "{24DE113F-CA2C-453C-9556-8A190D1E9B64}"
EndProject
Project("{2150E333-8FDC-42A3-9474-1A3956D46DE8}") = "WebApps", "WebApps", "{BAE57EB5-DF8C-405F-8DD2-C384374339E4}"
EndProject
Project("{2150E333-8FDC-42A3-9474-1A3956D46DE8}") = "Cadastros", "Cadastros", "{7C38A705-88A0-4DD2-AF02-A5AD437AC49D}"
EndProject
Project("{2150E333-8FDC-42A3-9474-1A3956D46DE8}") = "Catalogo", "Catalogo", "{8B146D1C-F6B4-4CD0-A32B-D4B8C4586FD7}"
EndProject
Project("{2150E333-8FDC-42A3-9474-1A3956D46DE8}") = "Core", "Core", "{A676D62C-FA89-470D-BD03-3A77FDFE7167}"
EndProject
Project("{2150E333-8FDC-42A3-9474-1A3956D46DE8}") = "Fiscal", "Fiscal", "{86C0D568-43C5-4B71-8EDA-2974C835C73A}"
EndProject
Project("{2150E333-8FDC-42A3-9474-1A3956D46DE8}") = "Pagamentos", "Pagamentos", "{B141B160-0F12-4712-B60A-19F5277AF713}"
EndProject
Project("{2150E333-8FDC-42A3-9474-1A3956D46DE8}") = "Vendas", "Vendas", "{B4748123-28D1-4040-886D-15EF1AA2AF75}"
EndProject
Project("{9A19103F-16F7-4668-BE54-9A1E7A4F7556}") = "NerdStore.Catalogo.Domain", "src\NerdStore.Catalogo.Domain\NerdStore.Catalogo.Domain.csproj", "{8BF77A64-4331-42B4-A165-E11DE10AB12A}"
EndProject
Project("{9A19103F-16F7-4668-BE54-9A1E7A4F7556}") = "NerdStore.Core", "src\NerdStore.Core\NerdStore.Core.csproj", "{D1D28471-E9D3-43C5-9749-60BE7E52A2FC}"
EndProject
Project("{2150E333-8FDC-42A3-9474-1A3956D46DE8}") = "Tests", "Tests", "{5095B6BF-41EB-4940-AE94-6A3A4A6F5B89}"
EndProject
Project("{9A19103F-16F7-4668-BE54-9A1E7A4F7556}") = "NerdStore.Catalogo.Domain.Tests", "tests\NerdStore.Catalogo.Domain.Tests\NerdStore.Catalogo.Domain.Tests.csproj", "{47A572EB-1CD5-4044-AC61-AB70F040530B}"
EndProject
Project("{9A19103F-16F7-4668-BE54-9A1E7A4F7556}") = "NerdStore.Catalogo.Data", "src\NerdStore.Catalog.Data\NerdStore.Catalogo.Data.csproj", "{EB63C5E3-5F0E-4D0B-9CB0-5C9017D76615}"
EndProject
Project("{9A19103F-16F7-4668-BE54-9A1E7A4F7556}") = "NerdStore.Catalogo.Application", "src\NerdStore.Catalogo.Application\NerdStore.Catalogo.Application.csproj", "{67AB3DCC-87EE-4571-838F-11BE90ADDEC5}"
EndProject
Project("{9A19103F-16F7-4668-BE54-9A1E7A4F7556}") = "NerdStore.WebApp.MVC", "src\NerdStore.WebApp.MVC\NerdStore.WebApp.MVC.csproj", "{069E3CD6-9C43-405D-9496-370D92A681ED}"
EndProject
Project("{FAE04EC0-301F-11D3-BF4B-00C04F79EFBC}") = "NerdStore.Vendas.Domain", "src\NerdStore.Vendas.Domain\NerdStore.Vendas.Domain.csproj", "{5017DCC4-552B-4CA7-8A23-F3658AD21914}"
EndProject
Project("{FAE04EC0-301F-11D3-BF4B-00C04F79EFBC}") = "NerdStore.Vendas.Application", "src\NerdStore.Vendas.Application\NerdStore.Vendas.Application.csproj", "{65B97B27-1E6C-4915-B295-8BC1D5B1CD21}"
EndProject
Project("{FAE04EC0-301F-11D3-BF4B-00C04F79EFBC}") = "NerdStore.Vendas.Data", "src\NerdStore.Vendas.Data\NerdStore.Vendas.Data.csproj", "{B8A653CB-5F83-41BA-94EA-F8EC72871A90}"
EndProject
Global
	GlobalSection(SolutionConfigurationPlatforms) = preSolution
		Debug|Any CPU = Debug|Any CPU
		Release|Any CPU = Release|Any CPU
	EndGlobalSection
	GlobalSection(ProjectConfigurationPlatforms) = postSolution
		{8BF77A64-4331-42B4-A165-E11DE10AB12A}.Debug|Any CPU.ActiveCfg = Debug|Any CPU
		{8BF77A64-4331-42B4-A165-E11DE10AB12A}.Debug|Any CPU.Build.0 = Debug|Any CPU
		{8BF77A64-4331-42B4-A165-E11DE10AB12A}.Release|Any CPU.ActiveCfg = Release|Any CPU
		{8BF77A64-4331-42B4-A165-E11DE10AB12A}.Release|Any CPU.Build.0 = Release|Any CPU
		{D1D28471-E9D3-43C5-9749-60BE7E52A2FC}.Debug|Any CPU.ActiveCfg = Debug|Any CPU
		{D1D28471-E9D3-43C5-9749-60BE7E52A2FC}.Debug|Any CPU.Build.0 = Debug|Any CPU
		{D1D28471-E9D3-43C5-9749-60BE7E52A2FC}.Release|Any CPU.ActiveCfg = Release|Any CPU
		{D1D28471-E9D3-43C5-9749-60BE7E52A2FC}.Release|Any CPU.Build.0 = Release|Any CPU
		{47A572EB-1CD5-4044-AC61-AB70F040530B}.Debug|Any CPU.ActiveCfg = Debug|Any CPU
		{47A572EB-1CD5-4044-AC61-AB70F040530B}.Debug|Any CPU.Build.0 = Debug|Any CPU
		{47A572EB-1CD5-4044-AC61-AB70F040530B}.Release|Any CPU.ActiveCfg = Release|Any CPU
		{47A572EB-1CD5-4044-AC61-AB70F040530B}.Release|Any CPU.Build.0 = Release|Any CPU
		{EB63C5E3-5F0E-4D0B-9CB0-5C9017D76615}.Debug|Any CPU.ActiveCfg = Debug|Any CPU
		{EB63C5E3-5F0E-4D0B-9CB0-5C9017D76615}.Debug|Any CPU.Build.0 = Debug|Any CPU
		{EB63C5E3-5F0E-4D0B-9CB0-5C9017D76615}.Release|Any CPU.ActiveCfg = Release|Any CPU
		{EB63C5E3-5F0E-4D0B-9CB0-5C9017D76615}.Release|Any CPU.Build.0 = Release|Any CPU
		{67AB3DCC-87EE-4571-838F-11BE90ADDEC5}.Debug|Any CPU.ActiveCfg = Debug|Any CPU
		{67AB3DCC-87EE-4571-838F-11BE90ADDEC5}.Debug|Any CPU.Build.0 = Debug|Any CPU
		{67AB3DCC-87EE-4571-838F-11BE90ADDEC5}.Release|Any CPU.ActiveCfg = Release|Any CPU
		{67AB3DCC-87EE-4571-838F-11BE90ADDEC5}.Release|Any CPU.Build.0 = Release|Any CPU
		{069E3CD6-9C43-405D-9496-370D92A681ED}.Debug|Any CPU.ActiveCfg = Debug|Any CPU
		{069E3CD6-9C43-405D-9496-370D92A681ED}.Debug|Any CPU.Build.0 = Debug|Any CPU
		{069E3CD6-9C43-405D-9496-370D92A681ED}.Release|Any CPU.ActiveCfg = Release|Any CPU
		{069E3CD6-9C43-405D-9496-370D92A681ED}.Release|Any CPU.Build.0 = Release|Any CPU
		{5017DCC4-552B-4CA7-8A23-F3658AD21914}.Debug|Any CPU.ActiveCfg = Debug|Any CPU
		{5017DCC4-552B-4CA7-8A23-F3658AD21914}.Debug|Any CPU.Build.0 = Debug|Any CPU
		{5017DCC4-552B-4CA7-8A23-F3658AD21914}.Release|Any CPU.ActiveCfg = Release|Any CPU
		{5017DCC4-552B-4CA7-8A23-F3658AD21914}.Release|Any CPU.Build.0 = Release|Any CPU
		{65B97B27-1E6C-4915-B295-8BC1D5B1CD21}.Debug|Any CPU.ActiveCfg = Debug|Any CPU
		{65B97B27-1E6C-4915-B295-8BC1D5B1CD21}.Debug|Any CPU.Build.0 = Debug|Any CPU
		{65B97B27-1E6C-4915-B295-8BC1D5B1CD21}.Release|Any CPU.ActiveCfg = Release|Any CPU
		{65B97B27-1E6C-4915-B295-8BC1D5B1CD21}.Release|Any CPU.Build.0 = Release|Any CPU
		{B8A653CB-5F83-41BA-94EA-F8EC72871A90}.Debug|Any CPU.ActiveCfg = Debug|Any CPU
		{B8A653CB-5F83-41BA-94EA-F8EC72871A90}.Debug|Any CPU.Build.0 = Debug|Any CPU
		{B8A653CB-5F83-41BA-94EA-F8EC72871A90}.Release|Any CPU.ActiveCfg = Release|Any CPU
		{B8A653CB-5F83-41BA-94EA-F8EC72871A90}.Release|Any CPU.Build.0 = Release|Any CPU
	EndGlobalSection
	GlobalSection(SolutionProperties) = preSolution
		HideSolutionNode = FALSE
	EndGlobalSection
	GlobalSection(NestedProjects) = preSolution
		{7C38A705-88A0-4DD2-AF02-A5AD437AC49D} = {24DE113F-CA2C-453C-9556-8A190D1E9B64}
		{8B146D1C-F6B4-4CD0-A32B-D4B8C4586FD7} = {24DE113F-CA2C-453C-9556-8A190D1E9B64}
		{A676D62C-FA89-470D-BD03-3A77FDFE7167} = {24DE113F-CA2C-453C-9556-8A190D1E9B64}
		{86C0D568-43C5-4B71-8EDA-2974C835C73A} = {24DE113F-CA2C-453C-9556-8A190D1E9B64}
		{B141B160-0F12-4712-B60A-19F5277AF713} = {24DE113F-CA2C-453C-9556-8A190D1E9B64}
		{B4748123-28D1-4040-886D-15EF1AA2AF75} = {24DE113F-CA2C-453C-9556-8A190D1E9B64}
		{8BF77A64-4331-42B4-A165-E11DE10AB12A} = {8B146D1C-F6B4-4CD0-A32B-D4B8C4586FD7}
		{D1D28471-E9D3-43C5-9749-60BE7E52A2FC} = {A676D62C-FA89-470D-BD03-3A77FDFE7167}
		{5095B6BF-41EB-4940-AE94-6A3A4A6F5B89} = {8B146D1C-F6B4-4CD0-A32B-D4B8C4586FD7}
		{47A572EB-1CD5-4044-AC61-AB70F040530B} = {5095B6BF-41EB-4940-AE94-6A3A4A6F5B89}
		{EB63C5E3-5F0E-4D0B-9CB0-5C9017D76615} = {8B146D1C-F6B4-4CD0-A32B-D4B8C4586FD7}
		{67AB3DCC-87EE-4571-838F-11BE90ADDEC5} = {8B146D1C-F6B4-4CD0-A32B-D4B8C4586FD7}
		{069E3CD6-9C43-405D-9496-370D92A681ED} = {BAE57EB5-DF8C-405F-8DD2-C384374339E4}
		{5017DCC4-552B-4CA7-8A23-F3658AD21914} = {B4748123-28D1-4040-886D-15EF1AA2AF75}
		{65B97B27-1E6C-4915-B295-8BC1D5B1CD21} = {B4748123-28D1-4040-886D-15EF1AA2AF75}
		{B8A653CB-5F83-41BA-94EA-F8EC72871A90} = {B4748123-28D1-4040-886D-15EF1AA2AF75}
	EndGlobalSection
	GlobalSection(ExtensibilityGlobals) = postSolution
		SolutionGuid = {544206F0-AABE-4D93-9A3D-39598B4FC6D9}
	EndGlobalSection
EndGlobal
